{
  "nodes": {
    "disko": {
      "inputs": {
        "nixpkgs": [
          "nixpkgs"
        ]
      },
      "locked": {
        "lastModified": 1678067051,
        "narHash": "sha256-0QN2lO6dp4OlEysqufuXEgW1QywANKCuF+6EsNXcZ7o=",
        "owner": "nix-community",
        "repo": "disko",
        "rev": "cf705ee16161b29b0e18983ecd8df3cb50f66142",
        "type": "github"
      },
      "original": {
        "owner": "nix-community",
        "repo": "disko",
        "type": "github"
      }
    },
    "home-manager": {
      "inputs": {
        "nixpkgs": [
          "nixpkgs"
        ],
        "utils": "utils"
      },
      "locked": {
        "lastModified": 1678271387,
        "narHash": "sha256-H2dv/i1LRlunRtrESirELzfPWdlG/6ElDB1ksO529H4=",
        "owner": "nix-community",
        "repo": "home-manager",
        "rev": "36999b8d19eb6eebb41983ef017d7e0095316af2",
        "type": "github"
      },
      "original": {
        "owner": "nix-community",
        "repo": "home-manager",
        "type": "github"
      }
    },
    "impermanence": {
      "locked": {
        "lastModified": 1675359654,
        "narHash": "sha256-FPxzuvJkcO49g4zkWLSeuZkln54bLoTtrggZDJBH90I=",
        "owner": "nix-community",
        "repo": "impermanence",
        "rev": "6138eb8e737bffabd4c8fc78ae015d4fd6a7e2fd",
        "type": "github"
      },
      "original": {
        "owner": "nix-community",
        "repo": "impermanence",
        "type": "github"
      }
    },
    "nixos-hardware": {
      "locked": {
        "lastModified": 1678095239,
        "narHash": "sha256-4F6jovFJcwh6OkMsY94ZrHdrvVqZi1FX5pYv6V9LIQw=",
        "owner": "nixos",
        "repo": "nixos-hardware",
        "rev": "f6610997b0fc5ea5f9e142c348fca27497efe1c7",
        "type": "github"
      },
      "original": {
        "owner": "nixos",
        "repo": "nixos-hardware",
        "type": "github"
      }
    },
    "nixpkgs": {
      "locked": {
        "lastModified": 1678230755,
        "narHash": "sha256-SFAXgNjNTXzcAideXcP0takfUGVft/VR5CACmYHg+Fc=",
        "owner": "nixos",
        "repo": "nixpkgs",
        "rev": "a7cc81913bb3cd1ef05ed0ece048b773e1839e51",
        "type": "github"
      },
      "original": {
        "owner": "nixos",
        "ref": "nixos-22.11",
        "repo": "nixpkgs",
        "type": "github"
      }
    },
    "nixpkgs-master": {
      "locked": {
        "lastModified": 1678303152,
        "narHash": "sha256-4rgIE/S4u3PT2vVGtEJrdXTUBEmdx0GIsOH3cFWhORk=",
        "owner": "nixos",
        "repo": "nixpkgs",
        "rev": "2321fbe1ffd79b9caf5ff0dab8284ed178029bac",
        "type": "github"
      },
      "original": {
        "owner": "nixos",
        "ref": "master",
        "repo": "nixpkgs",
        "type": "github"
      }
    },
    "nixpkgs-unstable": {
      "locked": {
        "lastModified": 1678201391,
        "narHash": "sha256-dX4z2oSJ5UKzY5wb5HX2VaPP08DPWZ6B7EHzOJfP7GM=",
        "owner": "nixos",
        "repo": "nixpkgs",
        "rev": "c707238dc262923da5a53a5a11914117caac07a2",
        "type": "github"
      },
      "original": {
        "owner": "nixos",
        "ref": "nixos-unstable",
        "repo": "nixpkgs",
        "type": "github"
      }
    },
    "nur": {
      "locked": {
        "lastModified": 1678290523,
        "narHash": "sha256-LMxdMgW0mMfbLgrPzRDWmYCKTB7O+QmGC/FsuIzumSA=",
        "owner": "nix-community",
        "repo": "nur",
        "rev": "864e370f1ba42303a60c13ee8c8139697b483846",
        "type": "github"
      },
      "original": {
        "owner": "nix-community",
        "repo": "nur",
        "type": "github"
      }
    },
    "root": {
      "inputs": {
        "disko": "disko",
        "home-manager": "home-manager",
        "impermanence": "impermanence",
        "nixos-hardware": "nixos-hardware",
        "nixpkgs": "nixpkgs",
        "nixpkgs-master": "nixpkgs-master",
        "nixpkgs-unstable": "nixpkgs-unstable",
        "nur": "nur",
        "sops-nix": "sops-nix"
      }
    },
    "sops-nix": {
      "inputs": {
        "nixpkgs": [
          "nixpkgs"
        ],
        "nixpkgs-stable": [
          "nixpkgs"
        ]
      },
      "locked": {
        "lastModified": 1678264398,
        "narHash": "sha256-COgbuQH/oAQZUBFTTQgSifabzZ5/GRCCbBIqZJjR3s0=",
        "owner": "mic92",
        "repo": "sops-nix",
        "rev": "00e9e9cd46600d68dd98a392025d4894c3711b58",
        "type": "github"
      },
      "original": {
        "owner": "mic92",
        "repo": "sops-nix",
        "type": "github"
      }
    },
    "utils": {
      "locked": {
        "lastModified": 1676283394,
        "narHash": "sha256-XX2f9c3iySLCw54rJ/CZs+ZK6IQy7GXNY4nSOyu2QG4=",
        "owner": "numtide",
        "repo": "flake-utils",
        "rev": "3db36a8b464d0c4532ba1c7dda728f4576d6d073",
        "type": "github"
      },
      "original": {
        "owner": "numtide",
        "repo": "flake-utils",
        "type": "github"
      }
    }
  },
  "root": "root",
  "version": 7
}
